{
  "name": "@trenskow/from",
  "version": "1.0.0",
  "lockfileVersion": 1,
  "requires": true,
  "dependencies": {
    "keyd": {
      "version": "1.1.1",
      "resolved": "https://registry.npmjs.org/keyd/-/keyd-1.1.1.tgz",
      "integrity": "sha512-+Zo9bCXszxQ/c4YL1N1hUvmLKyEwrSIPJhpSEp0SCv+XU6xMSw5gQardQSW4TN+aOoeZO1/av7oz7W1luAuiQg=="
    },
    "merge": {
      "version": "1.2.1",
      "resolved": "https://registry.npmjs.org/merge/-/merge-1.2.1.tgz",
      "integrity": "sha512-VjFo4P5Whtj4vsLzsYBu5ayHhoHJ0UqNm7ibvShmbmoz7tGi0vXaoJbGdB+GmDMLUdg8DpQXEIeVDAe8MaABvQ=="
    }
  }
}
